PODS:
  - audio_service (0.14.1):
    - FlutterMacOS
  - audio_session (0.0.1):
    - FlutterMacOS
  - connectivity_plus (0.0.1):
    - FlutterMacOS
    - ReachabilitySwift
  - FlutterMacOS (1.0.0)
  - FMDB (2.7.5):
    - FMDB/standard (= 2.7.5)
  - FMDB/standard (2.7.5)
  - in_app_review (0.2.0):
    - FlutterMacOS
  - just_audio (0.0.1):
    - FlutterMacOS
  - package_info_plus (0.0.1):
    - FlutterMacOS
  - path_provider_macos (0.0.1):
    - FlutterMacOS
  - ReachabilitySwift (5.0.0)
  - shared_preferences_macos (0.0.1):
    - FlutterMacOS
  - sqflite (0.0.2):
    - FlutterMacOS
    - FMDB (>= 2.7.5)
  - url_launcher_macos (0.0.1):
    - FlutterMacOS

DEPENDENCIES:
  - audio_service (from `Flutter/ephemeral/.symlinks/plugins/audio_service/macos`)
  - audio_session (from `Flutter/ephemeral/.symlinks/plugins/audio_session/macos`)
  - connectivity_plus (from `Flutter/ephemeral/.symlinks/plugins/connectivity_plus/macos`)
  - FlutterMacOS (from `Flutter/ephemeral`)
  - in_app_review (from `Flutter/ephemeral/.symlinks/plugins/in_app_review/macos`)
  - just_audio (from `Flutter/ephemeral/.symlinks/plugins/just_audio/macos`)
  - package_info_plus (from `Flutter/ephemeral/.symlinks/plugins/package_info_plus/macos`)
  - path_provider_macos (from `Flutter/ephemeral/.symlinks/plugins/path_provider_macos/macos`)
  - shared_preferences_macos (from `Flutter/ephemeral/.symlinks/plugins/shared_preferences_macos/macos`)
  - sqflite (from `Flutter/ephemeral/.symlinks/plugins/sqflite/macos`)
  - url_launcher_macos (from `Flutter/ephemeral/.symlinks/plugins/url_launcher_macos/macos`)

SPEC REPOS:
  trunk:
    - FMDB
    - ReachabilitySwift

EXTERNAL SOURCES:
  audio_service:
    :path: Flutter/ephemeral/.symlinks/plugins/audio_service/macos
  audio_session:
    :path: Flutter/ephemeral/.symlinks/plugins/audio_session/macos
  connectivity_plus:
    :path: Flutter/ephemeral/.symlinks/plugins/connectivity_plus/macos
  FlutterMacOS:
    :path: Flutter/ephemeral
  in_app_review:
    :path: Flutter/ephemeral/.symlinks/plugins/in_app_review/macos
  just_audio:
    :path: Flutter/ephemeral/.symlinks/plugins/just_audio/macos
  package_info_plus:
    :path: Flutter/ephemeral/.symlinks/plugins/package_info_plus/macos
  path_provider_macos:
    :path: Flutter/ephemeral/.symlinks/plugins/path_provider_macos/macos
  shared_preferences_macos:
    :path: Flutter/ephemeral/.symlinks/plugins/shared_preferences_macos/macos
  sqflite:
    :path: Flutter/ephemeral/.symlinks/plugins/sqflite/macos
  url_launcher_macos:
    :path: Flutter/ephemeral/.symlinks/plugins/url_launcher_macos/macos

SPEC CHECKSUMS:
  audio_service: b88ff778e0e3915efd4cd1a5ad6f0beef0c950a9
  audio_session: dea1f41890dbf1718f04a56f1d6150fd50039b72
  connectivity_plus: 18d3c32514c886e046de60e9c13895109866c747
  FlutterMacOS: 8f6f14fa908a6fb3fba0cd85dbd81ec4b251fb24
  FMDB: 2ce00b547f966261cd18927a3ddb07cb6f3db82a
  in_app_review: a850789fad746e89bce03d4aeee8078b45a53fd0
  just_audio: 9b67ca7b97c61cfc9784ea23cd8cc55eb226d489
  package_info_plus: 02d7a575e80f194102bef286361c6c326e4c29ce
  path_provider_macos: 05fb0ef0cedf3e5bd179b9e41a638682b37133ea
  ReachabilitySwift: 985039c6f7b23a1da463388634119492ff86c825
  shared_preferences_macos: 8b221d457159a85f478c0b9d2f19aeae9feff475
  sqflite: a5789cceda41d54d23f31d6de539d65bb14100ea
  url_launcher_macos: 5335912b679c073563f29d89d33d10d459f95451

PODFILE CHECKSUM: 353c8bcc5d5b0994e508d035b5431cfe18c1dea7

COCOAPODS: 1.11.3
